<Solution>
  <Folder Name="/src/">
    <Folder Name="/src/PaymentService/">
      <Project Path="src/PaymentService/PaymentService.Api/PaymentService.Api.csproj" />
      <Project Path="src/PaymentService/PaymentService.Application/PaymentService.Application.csproj" />
      <Project Path="src/PaymentService/PaymentService.Domain/PaymentService.Domain.csproj" />
      <Project Path="src/PaymentService/PaymentService.Infrastructure/PaymentService.Infrastructure.csproj" />
    </Folder>
    <Folder Name="/src/TripService/">
      <Project Path="src/TripService/TripService.Api/TripService.Api.csproj" />
      <Project Path="src/TripService/TripService.Application/TripService.Application.csproj" />
      <Project Path="src/TripService/TripService.Domain/TripService.Domain.csproj" />
      <Project Path="src/TripService/TripService.Infrastructure/TripService.Infrastructure.csproj" />
    </Folder>
    <Folder Name="/src/MatchingService/">
      <Project Path="src/MatchingService/MatchingService.Api/MatchingService.Api.csproj" />
      <Project Path="src/MatchingService/MatchingService.Application/MatchingService.Application.csproj" />
      <Project Path="src/MatchingService/MatchingService.Domain/MatchingService.Domain.csproj" />
      <Project Path="src/MatchingService/MatchingService.Infrastructure/MatchingService.Infrastructure.csproj" />
    <Project Path="src/MatchingService/MatchingService.Tests/MatchingService.Tests.csproj" />
    </Folder>
  </Folder>
</Solution>
