<Solution>
  <Folder Name="/src/" />
  <Folder Name="/src/TripService/">
    <Project Path="src/TripService/TripService.Api/TripService.Api.csproj" />
    <Project Path="src/TripService/TripService.Application/TripService.Application.csproj" />
    <Project Path="src/TripService/TripService.Domain/TripService.Domain.csproj" />
    <Project Path="src/TripService/TripService.Infrastructure/TripService.Infrastructure.csproj" />
  </Folder>
</Solution>
